
Microsoft Visual Studio Solution File, Format Version 12.00
# Visual Studio Version 17
VisualStudioVersion = 17.0.32126.317
MinimumVisualStudioVersion = 10.0.40219.1
Project("{9A19103F-16F7-4668-BE54-9A1E7A4F7556}") = "Regulus.Remote.Tools.Protocol.Sources", "..\Regulus.Remote\Regulus.Remote.Tools.Protocol.Sources\Regulus.Remote.Tools.Protocol.Sources.csproj", "{1D484CF4-F86B-411D-94FA-8BE4BFFBA214}"
EndProject
Project("{9A19103F-16F7-4668-BE54-9A1E7A4F7556}") = "Regulus.Remote", "..\Regulus.Remote\Regulus.Remote\Regulus.Remote.csproj", "{F9540ED1-E4B6-48AC-ACF9-81F957778DE8}"
EndProject
Project("{9A19103F-16F7-4668-BE54-9A1E7A4F7556}") = "Regulus.Serialization", "..\Regulus.Remote\Regulus.Serialization\Regulus.Serialization.csproj", "{60D7AA01-D15C-4EC8-A20C-DAC1B588901D}"
EndProject
Project("{2150E333-8FDC-42A3-9474-1A3956D46DE8}") = "Libs", "Libs", "{759F1FF4-598E-468B-8590-D878E62B5089}"
EndProject
Project("{9A19103F-16F7-4668-BE54-9A1E7A4F7556}") = "Regulus.Remote.Tools.Protocol", "..\Regulus.Remote\Regulus.Remote.Tools.Protocol\Regulus.Remote.Tools.Protocol.csproj", "{ACD4B04C-3369-412E-A8C6-C665BF92C13F}"
EndProject
Project("{9A19103F-16F7-4668-BE54-9A1E7A4F7556}") = "Astringent.Remote.UnitySources", "Astringent.Remote.UnitySources\Astringent.Remote.UnitySources.csproj", "{CF38C73F-ABE8-4853-829E-AE6D3A4A2D63}"
EndProject
Project("{9A19103F-16F7-4668-BE54-9A1E7A4F7556}") = "Astringent.Remote.UnitySources.TestProtocol", "Astringent.Remote.UnitySources.TestProtocol\Astringent.Remote.UnitySources.TestProtocol.csproj", "{6E121480-2605-4F04-A185-6B2F533FCB01}"
EndProject
Project("{9A19103F-16F7-4668-BE54-9A1E7A4F7556}") = "Astringent.Remote.UnitySources.TestProtocol.Tests", "Astringent.Remote.UnitySources.TestProtocol.Tests\Astringent.Remote.UnitySources.TestProtocol.Tests.csproj", "{319B13BD-88D9-459E-B166-257733CE1574}"
EndProject
Project("{FAE04EC0-301F-11D3-BF4B-00C04F79EFBC}") = "Astringent.Remote.UnityClient", "Astringent.Remote.UnityClient\Astringent.Remote.UnityClient.csproj", "{21D8FEC6-DBB9-417A-A012-C1D770DAA466}"
EndProject
Global
	GlobalSection(SolutionConfigurationPlatforms) = preSolution
		Debug|Any CPU = Debug|Any CPU
		Release|Any CPU = Release|Any CPU
	EndGlobalSection
	GlobalSection(ProjectConfigurationPlatforms) = postSolution
		{1D484CF4-F86B-411D-94FA-8BE4BFFBA214}.Debug|Any CPU.ActiveCfg = Debug|Any CPU
		{1D484CF4-F86B-411D-94FA-8BE4BFFBA214}.Debug|Any CPU.Build.0 = Debug|Any CPU
		{1D484CF4-F86B-411D-94FA-8BE4BFFBA214}.Release|Any CPU.ActiveCfg = Release|Any CPU
		{1D484CF4-F86B-411D-94FA-8BE4BFFBA214}.Release|Any CPU.Build.0 = Release|Any CPU
		{F9540ED1-E4B6-48AC-ACF9-81F957778DE8}.Debug|Any CPU.ActiveCfg = Debug|Any CPU
		{F9540ED1-E4B6-48AC-ACF9-81F957778DE8}.Debug|Any CPU.Build.0 = Debug|Any CPU
		{F9540ED1-E4B6-48AC-ACF9-81F957778DE8}.Release|Any CPU.ActiveCfg = Release|Any CPU
		{F9540ED1-E4B6-48AC-ACF9-81F957778DE8}.Release|Any CPU.Build.0 = Release|Any CPU
		{60D7AA01-D15C-4EC8-A20C-DAC1B588901D}.Debug|Any CPU.ActiveCfg = Debug|Any CPU
		{60D7AA01-D15C-4EC8-A20C-DAC1B588901D}.Debug|Any CPU.Build.0 = Debug|Any CPU
		{60D7AA01-D15C-4EC8-A20C-DAC1B588901D}.Release|Any CPU.ActiveCfg = Release|Any CPU
		{60D7AA01-D15C-4EC8-A20C-DAC1B588901D}.Release|Any CPU.Build.0 = Release|Any CPU
		{ACD4B04C-3369-412E-A8C6-C665BF92C13F}.Debug|Any CPU.ActiveCfg = Debug|Any CPU
		{ACD4B04C-3369-412E-A8C6-C665BF92C13F}.Debug|Any CPU.Build.0 = Debug|Any CPU
		{ACD4B04C-3369-412E-A8C6-C665BF92C13F}.Release|Any CPU.ActiveCfg = Release|Any CPU
		{ACD4B04C-3369-412E-A8C6-C665BF92C13F}.Release|Any CPU.Build.0 = Release|Any CPU
		{CF38C73F-ABE8-4853-829E-AE6D3A4A2D63}.Debug|Any CPU.ActiveCfg = Debug|Any CPU
		{CF38C73F-ABE8-4853-829E-AE6D3A4A2D63}.Debug|Any CPU.Build.0 = Debug|Any CPU
		{CF38C73F-ABE8-4853-829E-AE6D3A4A2D63}.Release|Any CPU.ActiveCfg = Release|Any CPU
		{CF38C73F-ABE8-4853-829E-AE6D3A4A2D63}.Release|Any CPU.Build.0 = Release|Any CPU
		{6E121480-2605-4F04-A185-6B2F533FCB01}.Debug|Any CPU.ActiveCfg = Debug|Any CPU
		{6E121480-2605-4F04-A185-6B2F533FCB01}.Debug|Any CPU.Build.0 = Debug|Any CPU
		{6E121480-2605-4F04-A185-6B2F533FCB01}.Release|Any CPU.ActiveCfg = Release|Any CPU
		{6E121480-2605-4F04-A185-6B2F533FCB01}.Release|Any CPU.Build.0 = Release|Any CPU
		{319B13BD-88D9-459E-B166-257733CE1574}.Debug|Any CPU.ActiveCfg = Debug|Any CPU
		{319B13BD-88D9-459E-B166-257733CE1574}.Debug|Any CPU.Build.0 = Debug|Any CPU
		{319B13BD-88D9-459E-B166-257733CE1574}.Release|Any CPU.ActiveCfg = Release|Any CPU
		{319B13BD-88D9-459E-B166-257733CE1574}.Release|Any CPU.Build.0 = Release|Any CPU
		{21D8FEC6-DBB9-417A-A012-C1D770DAA466}.Debug|Any CPU.ActiveCfg = Debug|Any CPU
		{21D8FEC6-DBB9-417A-A012-C1D770DAA466}.Debug|Any CPU.Build.0 = Debug|Any CPU
		{21D8FEC6-DBB9-417A-A012-C1D770DAA466}.Release|Any CPU.ActiveCfg = Release|Any CPU
		{21D8FEC6-DBB9-417A-A012-C1D770DAA466}.Release|Any CPU.Build.0 = Release|Any CPU
	EndGlobalSection
	GlobalSection(SolutionProperties) = preSolution
		HideSolutionNode = FALSE
	EndGlobalSection
	GlobalSection(NestedProjects) = preSolution
		{1D484CF4-F86B-411D-94FA-8BE4BFFBA214} = {759F1FF4-598E-468B-8590-D878E62B5089}
		{F9540ED1-E4B6-48AC-ACF9-81F957778DE8} = {759F1FF4-598E-468B-8590-D878E62B5089}
		{60D7AA01-D15C-4EC8-A20C-DAC1B588901D} = {759F1FF4-598E-468B-8590-D878E62B5089}
		{ACD4B04C-3369-412E-A8C6-C665BF92C13F} = {759F1FF4-598E-468B-8590-D878E62B5089}
	EndGlobalSection
	GlobalSection(ExtensibilityGlobals) = postSolution
		SolutionGuid = {6A8A72C0-E792-4CC3-8D79-B238A4A32BFE}
	EndGlobalSection
EndGlobal
